
Microsoft Visual Studio Solution File, Format Version 12.00
# Visual Studio 15
VisualStudioVersion = 15.0.28307.960
MinimumVisualStudioVersion = 10.0.40219.1
Project("{9A19103F-16F7-4668-BE54-9A1E7A4F7556}") = "DuplicateNumbers", "src\DuplicateNumbers.csproj", "{D882C1CD-B8EE-4092-8DAA-135931D57209}"
EndProject
Global
	GlobalSection(SolutionConfigurationPlatforms) = preSolution
		Debug|Any CPU = Debug|Any CPU
		Release|Any CPU = Release|Any CPU
	EndGlobalSection
	GlobalSection(ProjectConfigurationPlatforms) = postSolution
		{D882C1CD-B8EE-4092-8DAA-135931D57209}.Debug|Any CPU.ActiveCfg = Debug|Any CPU
		{D882C1CD-B8EE-4092-8DAA-135931D57209}.Debug|Any CPU.Build.0 = Debug|Any CPU
		{D882C1CD-B8EE-4092-8DAA-135931D57209}.Release|Any CPU.ActiveCfg = Release|Any CPU
		{D882C1CD-B8EE-4092-8DAA-135931D57209}.Release|Any CPU.Build.0 = Release|Any CPU
	EndGlobalSection
	GlobalSection(SolutionProperties) = preSolution
		HideSolutionNode = FALSE
	EndGlobalSection
	GlobalSection(ExtensibilityGlobals) = postSolution
		SolutionGuid = {D39BB847-9F3C-4A03-AAEF-7D44F2C3AABF}
	EndGlobalSection
EndGlobal
